dependencies:
- name: cert-manager-istio-csr
  repository: https://charts.jetstack.io
  version: v0.14.0
- name: base
  repository: https://istio-release.storage.googleapis.com/charts
  version: 1.29.1
- name: istiod
  repository: https://istio-release.storage.googleapis.com/charts
  version: 1.29.1
- name: kgst
  repository: oci://ghcr.io/k0rdent/catalog/charts
  version: 1.2.0
digest: sha256:0b011e1db2904f353e46bd83e53f5951609a5e8fe00d5426d9e323bf0aa6d196
generated: "2026-03-13T16:01:28.039266389+01:00"
