dependencies:
- name: cert-manager-istio-csr
  repository: https://charts.jetstack.io
  version: v0.14.0
- name: base
  repository: https://istio-release.storage.googleapis.com/charts
  version: 1.29.1
- name: istiod
  repository: https://istio-release.storage.googleapis.com/charts
  version: 1.29.1
- name: cni
  repository: https://istio-release.storage.googleapis.com/charts
  version: 1.29.1
- name: ztunnel
  repository: https://istio-release.storage.googleapis.com/charts
  version: 1.29.1
- name: kgst
  repository: oci://ghcr.io/k0rdent/catalog/charts
  version: 2.0.1
digest: sha256:3ee07e99006dae97b56b45ab593050d88789a1f412f0edeb30e10ec631bfd633
generated: "2026-06-09T12:27:45.587270381+02:00"
